
Microsoft Visual Studio Solution File, Format Version 12.00
# Visual Studio 2013
VisualStudioVersion = 12.0.40629.0
MinimumVisualStudioVersion = 10.0.40219.1
Project("{FAE04EC0-301F-11D3-BF4B-00C04F79EFBC}") = "Akic.FrameWorkEx", "Akic.FrameWorkEx\Akic.FrameWorkEx.csproj", "{72C58755-C284-4B89-A173-228C11C7AA59}"
EndProject
Project("{2150E333-8FDC-42A3-9474-1A3956D46DE8}") = "Library", "Library", "{92F2E49E-2C93-4025-816F-9978C4FE059A}"
EndProject
Project("{FAE04EC0-301F-11D3-BF4B-00C04F79EFBC}") = "Akic.Data", "Akic.Data\Akic.Data.csproj", "{1738C2CC-18D4-4AAF-84AB-ABB330A1AD60}"
EndProject
Project("{FAE04EC0-301F-11D3-BF4B-00C04F79EFBC}") = "Akic.Core", "Akic.Core\Akic.Core.csproj", "{AE45C39D-DD28-47B8-91EB-135B3D8B1BF1}"
EndProject
Project("{FAE04EC0-301F-11D3-BF4B-00C04F79EFBC}") = "Akic.LogHandler", "Akic.LogHandler\Akic.LogHandler.csproj", "{C0F66C3C-A71C-4578-9396-908776D2EC16}"
EndProject
Project("{2150E333-8FDC-42A3-9474-1A3956D46DE8}") = "Present", "Present", "{DA9462C6-E715-4E5B-A5E1-F0651FA4478E}"
EndProject
Project("{FAE04EC0-301F-11D3-BF4B-00C04F79EFBC}") = "Akic.Repository", "Akic.Repository\Akic.Repository.csproj", "{4493F575-62F9-4316-85C2-05AAD72B5C11}"
EndProject
Project("{2150E333-8FDC-42A3-9474-1A3956D46DE8}") = "Test", "Test", "{D12AE2A8-6324-4D2D-99BC-5D3F2AFCE134}"
EndProject
Project("{FAE04EC0-301F-11D3-BF4B-00C04F79EFBC}") = "Akic.Core.Tests", "Akic.Core.Tests\Akic.Core.Tests.csproj", "{6C15C753-862E-49EE-A541-31372AB25911}"
EndProject
Project("{FAE04EC0-301F-11D3-BF4B-00C04F79EFBC}") = "Akic.Data.Tests", "Akic.Data.Tests\Akic.Data.Tests.csproj", "{489EBA4B-4E63-497E-9409-89D0C69647AB}"
EndProject
Project("{FAE04EC0-301F-11D3-BF4B-00C04F79EFBC}") = "Akic.Service", "Akic.Service\Akic.Service.csproj", "{68F8D648-EC61-4DA9-8D9D-41538FC9F9A1}"
EndProject
Project("{2150E333-8FDC-42A3-9474-1A3956D46DE8}") = "WebApi", "WebApi", "{0DC7B9D9-EA4B-4DD5-8FD8-3282D03F2758}"
EndProject
Project("{FAE04EC0-301F-11D3-BF4B-00C04F79EFBC}") = "Akic.WebApi", "Akic.WebApi\Akic.WebApi.csproj", "{9D2C7AAD-FE4C-4473-9CC1-C1B35765EBC1}"
EndProject
Global
	GlobalSection(SolutionConfigurationPlatforms) = preSolution
		Debug|Any CPU = Debug|Any CPU
		Release|Any CPU = Release|Any CPU
	EndGlobalSection
	GlobalSection(ProjectConfigurationPlatforms) = postSolution
		{72C58755-C284-4B89-A173-228C11C7AA59}.Debug|Any CPU.ActiveCfg = Debug|Any CPU
		{72C58755-C284-4B89-A173-228C11C7AA59}.Debug|Any CPU.Build.0 = Debug|Any CPU
		{72C58755-C284-4B89-A173-228C11C7AA59}.Release|Any CPU.ActiveCfg = Release|Any CPU
		{72C58755-C284-4B89-A173-228C11C7AA59}.Release|Any CPU.Build.0 = Release|Any CPU
		{1738C2CC-18D4-4AAF-84AB-ABB330A1AD60}.Debug|Any CPU.ActiveCfg = Debug|Any CPU
		{1738C2CC-18D4-4AAF-84AB-ABB330A1AD60}.Debug|Any CPU.Build.0 = Debug|Any CPU
		{1738C2CC-18D4-4AAF-84AB-ABB330A1AD60}.Release|Any CPU.ActiveCfg = Release|Any CPU
		{1738C2CC-18D4-4AAF-84AB-ABB330A1AD60}.Release|Any CPU.Build.0 = Release|Any CPU
		{AE45C39D-DD28-47B8-91EB-135B3D8B1BF1}.Debug|Any CPU.ActiveCfg = Debug|Any CPU
		{AE45C39D-DD28-47B8-91EB-135B3D8B1BF1}.Debug|Any CPU.Build.0 = Debug|Any CPU
		{AE45C39D-DD28-47B8-91EB-135B3D8B1BF1}.Release|Any CPU.ActiveCfg = Release|Any CPU
		{AE45C39D-DD28-47B8-91EB-135B3D8B1BF1}.Release|Any CPU.Build.0 = Release|Any CPU
		{C0F66C3C-A71C-4578-9396-908776D2EC16}.Debug|Any CPU.ActiveCfg = Debug|Any CPU
		{C0F66C3C-A71C-4578-9396-908776D2EC16}.Debug|Any CPU.Build.0 = Debug|Any CPU
		{C0F66C3C-A71C-4578-9396-908776D2EC16}.Release|Any CPU.ActiveCfg = Release|Any CPU
		{C0F66C3C-A71C-4578-9396-908776D2EC16}.Release|Any CPU.Build.0 = Release|Any CPU
		{4493F575-62F9-4316-85C2-05AAD72B5C11}.Debug|Any CPU.ActiveCfg = Debug|Any CPU
		{4493F575-62F9-4316-85C2-05AAD72B5C11}.Debug|Any CPU.Build.0 = Debug|Any CPU
		{4493F575-62F9-4316-85C2-05AAD72B5C11}.Release|Any CPU.ActiveCfg = Release|Any CPU
		{4493F575-62F9-4316-85C2-05AAD72B5C11}.Release|Any CPU.Build.0 = Release|Any CPU
		{6C15C753-862E-49EE-A541-31372AB25911}.Debug|Any CPU.ActiveCfg = Debug|Any CPU
		{6C15C753-862E-49EE-A541-31372AB25911}.Debug|Any CPU.Build.0 = Debug|Any CPU
		{6C15C753-862E-49EE-A541-31372AB25911}.Release|Any CPU.ActiveCfg = Release|Any CPU
		{6C15C753-862E-49EE-A541-31372AB25911}.Release|Any CPU.Build.0 = Release|Any CPU
		{489EBA4B-4E63-497E-9409-89D0C69647AB}.Debug|Any CPU.ActiveCfg = Debug|Any CPU
		{489EBA4B-4E63-497E-9409-89D0C69647AB}.Debug|Any CPU.Build.0 = Debug|Any CPU
		{489EBA4B-4E63-497E-9409-89D0C69647AB}.Release|Any CPU.ActiveCfg = Release|Any CPU
		{489EBA4B-4E63-497E-9409-89D0C69647AB}.Release|Any CPU.Build.0 = Release|Any CPU
		{68F8D648-EC61-4DA9-8D9D-41538FC9F9A1}.Debug|Any CPU.ActiveCfg = Debug|Any CPU
		{68F8D648-EC61-4DA9-8D9D-41538FC9F9A1}.Debug|Any CPU.Build.0 = Debug|Any CPU
		{68F8D648-EC61-4DA9-8D9D-41538FC9F9A1}.Release|Any CPU.ActiveCfg = Release|Any CPU
		{68F8D648-EC61-4DA9-8D9D-41538FC9F9A1}.Release|Any CPU.Build.0 = Release|Any CPU
		{9D2C7AAD-FE4C-4473-9CC1-C1B35765EBC1}.Debug|Any CPU.ActiveCfg = Debug|Any CPU
		{9D2C7AAD-FE4C-4473-9CC1-C1B35765EBC1}.Debug|Any CPU.Build.0 = Debug|Any CPU
		{9D2C7AAD-FE4C-4473-9CC1-C1B35765EBC1}.Release|Any CPU.ActiveCfg = Release|Any CPU
		{9D2C7AAD-FE4C-4473-9CC1-C1B35765EBC1}.Release|Any CPU.Build.0 = Release|Any CPU
	EndGlobalSection
	GlobalSection(SolutionProperties) = preSolution
		HideSolutionNode = FALSE
	EndGlobalSection
	GlobalSection(NestedProjects) = preSolution
		{72C58755-C284-4B89-A173-228C11C7AA59} = {DA9462C6-E715-4E5B-A5E1-F0651FA4478E}
		{1738C2CC-18D4-4AAF-84AB-ABB330A1AD60} = {92F2E49E-2C93-4025-816F-9978C4FE059A}
		{AE45C39D-DD28-47B8-91EB-135B3D8B1BF1} = {92F2E49E-2C93-4025-816F-9978C4FE059A}
		{C0F66C3C-A71C-4578-9396-908776D2EC16} = {92F2E49E-2C93-4025-816F-9978C4FE059A}
		{4493F575-62F9-4316-85C2-05AAD72B5C11} = {92F2E49E-2C93-4025-816F-9978C4FE059A}
		{6C15C753-862E-49EE-A541-31372AB25911} = {D12AE2A8-6324-4D2D-99BC-5D3F2AFCE134}
		{489EBA4B-4E63-497E-9409-89D0C69647AB} = {D12AE2A8-6324-4D2D-99BC-5D3F2AFCE134}
		{68F8D648-EC61-4DA9-8D9D-41538FC9F9A1} = {92F2E49E-2C93-4025-816F-9978C4FE059A}
		{9D2C7AAD-FE4C-4473-9CC1-C1B35765EBC1} = {0DC7B9D9-EA4B-4DD5-8FD8-3282D03F2758}
	EndGlobalSection
EndGlobal
